
Microsoft Visual Studio Solution File, Format Version 12.00
# Visual Studio Version 17
VisualStudioVersion = 17.1.32228.430
MinimumVisualStudioVersion = 10.0.40219.1
Project("{9A19103F-16F7-4668-BE54-9A1E7A4F7556}") = "FirstTask1_1", "FirstTask\FirstTask1_1.csproj", "{43F87125-23C6-4B10-B57B-9902FF384021}"
EndProject
Project("{9A19103F-16F7-4668-BE54-9A1E7A4F7556}") = "FirstTask1_2", "FirstTask1_2\FirstTask1_2.csproj", "{F07B3238-E180-403B-848F-439204319AE2}"
EndProject
Project("{9A19103F-16F7-4668-BE54-9A1E7A4F7556}") = "FirstTask1_3", "FirstTask1_3\FirstTask1_3.csproj", "{633EAE0D-0049-4329-ADD4-3923CC2804A7}"
EndProject
Project("{2150E333-8FDC-42A3-9474-1A3956D46DE8}") = "Task1", "Task1", "{3E64443D-FCD8-4AE1-B6D8-134D19ED6A50}"
EndProject
Project("{2150E333-8FDC-42A3-9474-1A3956D46DE8}") = "Task2", "Task2", "{DB1A025B-C493-449D-BCCF-E6D3BED3E2B8}"
EndProject
Project("{FAE04EC0-301F-11D3-BF4B-00C04F79EFBC}") = "SecondTask", "SecondTask\SecondTask.csproj", "{E10813BC-A928-4E25-ADBB-873EED3F0352}"
EndProject
Global
	GlobalSection(SolutionConfigurationPlatforms) = preSolution
		Debug|Any CPU = Debug|Any CPU
		Release|Any CPU = Release|Any CPU
	EndGlobalSection
	GlobalSection(ProjectConfigurationPlatforms) = postSolution
		{43F87125-23C6-4B10-B57B-9902FF384021}.Debug|Any CPU.ActiveCfg = Debug|Any CPU
		{43F87125-23C6-4B10-B57B-9902FF384021}.Debug|Any CPU.Build.0 = Debug|Any CPU
		{43F87125-23C6-4B10-B57B-9902FF384021}.Release|Any CPU.ActiveCfg = Release|Any CPU
		{43F87125-23C6-4B10-B57B-9902FF384021}.Release|Any CPU.Build.0 = Release|Any CPU
		{F07B3238-E180-403B-848F-439204319AE2}.Debug|Any CPU.ActiveCfg = Debug|Any CPU
		{F07B3238-E180-403B-848F-439204319AE2}.Debug|Any CPU.Build.0 = Debug|Any CPU
		{F07B3238-E180-403B-848F-439204319AE2}.Release|Any CPU.ActiveCfg = Release|Any CPU
		{F07B3238-E180-403B-848F-439204319AE2}.Release|Any CPU.Build.0 = Release|Any CPU
		{633EAE0D-0049-4329-ADD4-3923CC2804A7}.Debug|Any CPU.ActiveCfg = Debug|Any CPU
		{633EAE0D-0049-4329-ADD4-3923CC2804A7}.Debug|Any CPU.Build.0 = Debug|Any CPU
		{633EAE0D-0049-4329-ADD4-3923CC2804A7}.Release|Any CPU.ActiveCfg = Release|Any CPU
		{633EAE0D-0049-4329-ADD4-3923CC2804A7}.Release|Any CPU.Build.0 = Release|Any CPU
		{E10813BC-A928-4E25-ADBB-873EED3F0352}.Debug|Any CPU.ActiveCfg = Debug|Any CPU
		{E10813BC-A928-4E25-ADBB-873EED3F0352}.Debug|Any CPU.Build.0 = Debug|Any CPU
		{E10813BC-A928-4E25-ADBB-873EED3F0352}.Release|Any CPU.ActiveCfg = Release|Any CPU
		{E10813BC-A928-4E25-ADBB-873EED3F0352}.Release|Any CPU.Build.0 = Release|Any CPU
	EndGlobalSection
	GlobalSection(SolutionProperties) = preSolution
		HideSolutionNode = FALSE
	EndGlobalSection
	GlobalSection(NestedProjects) = preSolution
		{43F87125-23C6-4B10-B57B-9902FF384021} = {3E64443D-FCD8-4AE1-B6D8-134D19ED6A50}
		{F07B3238-E180-403B-848F-439204319AE2} = {3E64443D-FCD8-4AE1-B6D8-134D19ED6A50}
		{633EAE0D-0049-4329-ADD4-3923CC2804A7} = {3E64443D-FCD8-4AE1-B6D8-134D19ED6A50}
		{E10813BC-A928-4E25-ADBB-873EED3F0352} = {DB1A025B-C493-449D-BCCF-E6D3BED3E2B8}
	EndGlobalSection
	GlobalSection(ExtensibilityGlobals) = postSolution
		SolutionGuid = {96256B7B-D161-43D0-ABB0-84076559B422}
	EndGlobalSection
EndGlobal
